
Microsoft Visual Studio Solution File, Format Version 12.00
# Visual Studio Version 17
VisualStudioVersion = 17.14.36203.30 d17.14
MinimumVisualStudioVersion = 10.0.40219.1
Project("{FAE04EC0-301F-11D3-BF4B-00C04F79EFBC}") = "demo-0.1", "demo-0.1\demo-0.1.csproj", "{271A444B-4F35-43B0-9A50-887EE776AC26}"
EndProject
Global
	GlobalSection(SolutionConfigurationPlatforms) = preSolution
		Debug|Any CPU = Debug|Any CPU
		Release|Any CPU = Release|Any CPU
	EndGlobalSection
	GlobalSection(ProjectConfigurationPlatforms) = postSolution
		{271A444B-4F35-43B0-9A50-887EE776AC26}.Debug|Any CPU.ActiveCfg = Debug|Any CPU
		{271A444B-4F35-43B0-9A50-887EE776AC26}.Debug|Any CPU.Build.0 = Debug|Any CPU
		{271A444B-4F35-43B0-9A50-887EE776AC26}.Release|Any CPU.ActiveCfg = Release|Any CPU
		{271A444B-4F35-43B0-9A50-887EE776AC26}.Release|Any CPU.Build.0 = Release|Any CPU
	EndGlobalSection
	GlobalSection(SolutionProperties) = preSolution
		HideSolutionNode = FALSE
	EndGlobalSection
	GlobalSection(ExtensibilityGlobals) = postSolution
		SolutionGuid = {A79444A1-C0BD-4C2A-A6E3-ABB5E8395289}
	EndGlobalSection
EndGlobal
