
Microsoft Visual Studio Solution File, Format Version 12.00
# Visual Studio Version 17
VisualStudioVersion = 17.14.36203.30 d17.14
MinimumVisualStudioVersion = 10.0.40219.1
Project("{FAE04EC0-301F-11D3-BF4B-00C04F79EFBC}") = "realizeMvc", "10.07.26\realizeMvc.csproj", "{BA9C8B1C-E004-4AE8-9E23-E45A205BA15A}"
EndProject
Global
	GlobalSection(SolutionConfigurationPlatforms) = preSolution
		Debug|Any CPU = Debug|Any CPU
		Release|Any CPU = Release|Any CPU
	EndGlobalSection
	GlobalSection(ProjectConfigurationPlatforms) = postSolution
		{BA9C8B1C-E004-4AE8-9E23-E45A205BA15A}.Debug|Any CPU.ActiveCfg = Debug|Any CPU
		{BA9C8B1C-E004-4AE8-9E23-E45A205BA15A}.Debug|Any CPU.Build.0 = Debug|Any CPU
		{BA9C8B1C-E004-4AE8-9E23-E45A205BA15A}.Release|Any CPU.ActiveCfg = Release|Any CPU
		{BA9C8B1C-E004-4AE8-9E23-E45A205BA15A}.Release|Any CPU.Build.0 = Release|Any CPU
	EndGlobalSection
	GlobalSection(SolutionProperties) = preSolution
		HideSolutionNode = FALSE
	EndGlobalSection
	GlobalSection(ExtensibilityGlobals) = postSolution
		SolutionGuid = {22FE2DEA-322B-480C-B032-A72EB2689890}
	EndGlobalSection
EndGlobal
